
Microsoft Visual Studio Solution File, Format Version 12.00
# Visual Studio Version 17
VisualStudioVersion = 17.3.32825.248
MinimumVisualStudioVersion = 10.0.40219.1
Project("{FAE04EC0-301F-11D3-BF4B-00C04F79EFBC}") = "ConsoleApp1", "ConsoleApp1\ConsoleApp1.csproj", "{7339D487-8AAA-4925-8F0D-3D8964748032}"
EndProject
Project("{FAE04EC0-301F-11D3-BF4B-00C04F79EFBC}") = "ConsoleApp2", "ConsoleApp2\ConsoleApp2.csproj", "{18DC7DD3-CC62-40A4-A014-3DEA5F30F558}"
EndProject
Project("{FAE04EC0-301F-11D3-BF4B-00C04F79EFBC}") = "ConsoleApp3", "ConsoleApp3\ConsoleApp3.csproj", "{56106309-0B62-4041-B5C6-CB602769BB64}"
EndProject
Project("{FAE04EC0-301F-11D3-BF4B-00C04F79EFBC}") = "ConsoleApp4", "ConsoleApp4\ConsoleApp4.csproj", "{FBAA773A-3545-412B-9709-22E4FB81A6DC}"
EndProject
Global
	GlobalSection(SolutionConfigurationPlatforms) = preSolution
		Debug|Any CPU = Debug|Any CPU
		Release|Any CPU = Release|Any CPU
	EndGlobalSection
	GlobalSection(ProjectConfigurationPlatforms) = postSolution
		{7339D487-8AAA-4925-8F0D-3D8964748032}.Debug|Any CPU.ActiveCfg = Debug|Any CPU
		{7339D487-8AAA-4925-8F0D-3D8964748032}.Debug|Any CPU.Build.0 = Debug|Any CPU
		{7339D487-8AAA-4925-8F0D-3D8964748032}.Release|Any CPU.ActiveCfg = Release|Any CPU
		{7339D487-8AAA-4925-8F0D-3D8964748032}.Release|Any CPU.Build.0 = Release|Any CPU
		{18DC7DD3-CC62-40A4-A014-3DEA5F30F558}.Debug|Any CPU.ActiveCfg = Debug|Any CPU
		{18DC7DD3-CC62-40A4-A014-3DEA5F30F558}.Debug|Any CPU.Build.0 = Debug|Any CPU
		{18DC7DD3-CC62-40A4-A014-3DEA5F30F558}.Release|Any CPU.ActiveCfg = Release|Any CPU
		{18DC7DD3-CC62-40A4-A014-3DEA5F30F558}.Release|Any CPU.Build.0 = Release|Any CPU
		{56106309-0B62-4041-B5C6-CB602769BB64}.Debug|Any CPU.ActiveCfg = Debug|Any CPU
		{56106309-0B62-4041-B5C6-CB602769BB64}.Debug|Any CPU.Build.0 = Debug|Any CPU
		{56106309-0B62-4041-B5C6-CB602769BB64}.Release|Any CPU.ActiveCfg = Release|Any CPU
		{56106309-0B62-4041-B5C6-CB602769BB64}.Release|Any CPU.Build.0 = Release|Any CPU
		{FBAA773A-3545-412B-9709-22E4FB81A6DC}.Debug|Any CPU.ActiveCfg = Debug|Any CPU
		{FBAA773A-3545-412B-9709-22E4FB81A6DC}.Debug|Any CPU.Build.0 = Debug|Any CPU
		{FBAA773A-3545-412B-9709-22E4FB81A6DC}.Release|Any CPU.ActiveCfg = Release|Any CPU
		{FBAA773A-3545-412B-9709-22E4FB81A6DC}.Release|Any CPU.Build.0 = Release|Any CPU
	EndGlobalSection
	GlobalSection(SolutionProperties) = preSolution
		HideSolutionNode = FALSE
	EndGlobalSection
	GlobalSection(ExtensibilityGlobals) = postSolution
		SolutionGuid = {F6DE1F21-ACAD-4EE4-9B48-337D908C01E5}
	EndGlobalSection
EndGlobal
